
Microsoft Visual Studio Solution File, Format Version 12.00
# Visual Studio Version 16
VisualStudioVersion = 16.0.30413.136
MinimumVisualStudioVersion = 10.0.40219.1
Project("{FAE04EC0-301F-11D3-BF4B-00C04F79EFBC}") = "PencilKataTests", "PillarTechPencilKata\PencilKataTests.csproj", "{FD4FFA5F-F55C-4CE4-AA99-2ED8502A3A9F}"
EndProject
Project("{FAE04EC0-301F-11D3-BF4B-00C04F79EFBC}") = "PencilKataLib", "PencilKataLib\PencilKataLib.csproj", "{90023378-A9A1-4180-91E3-88DF7D364A26}"
EndProject
Global
	GlobalSection(SolutionConfigurationPlatforms) = preSolution
		Debug|Any CPU = Debug|Any CPU
		Release|Any CPU = Release|Any CPU
	EndGlobalSection
	GlobalSection(ProjectConfigurationPlatforms) = postSolution
		{FD4FFA5F-F55C-4CE4-AA99-2ED8502A3A9F}.Debug|Any CPU.ActiveCfg = Debug|Any CPU
		{FD4FFA5F-F55C-4CE4-AA99-2ED8502A3A9F}.Debug|Any CPU.Build.0 = Debug|Any CPU
		{FD4FFA5F-F55C-4CE4-AA99-2ED8502A3A9F}.Release|Any CPU.ActiveCfg = Release|Any CPU
		{FD4FFA5F-F55C-4CE4-AA99-2ED8502A3A9F}.Release|Any CPU.Build.0 = Release|Any CPU
		{90023378-A9A1-4180-91E3-88DF7D364A26}.Debug|Any CPU.ActiveCfg = Debug|Any CPU
		{90023378-A9A1-4180-91E3-88DF7D364A26}.Debug|Any CPU.Build.0 = Debug|Any CPU
		{90023378-A9A1-4180-91E3-88DF7D364A26}.Release|Any CPU.ActiveCfg = Release|Any CPU
		{90023378-A9A1-4180-91E3-88DF7D364A26}.Release|Any CPU.Build.0 = Release|Any CPU
	EndGlobalSection
	GlobalSection(SolutionProperties) = preSolution
		HideSolutionNode = FALSE
	EndGlobalSection
	GlobalSection(ExtensibilityGlobals) = postSolution
		SolutionGuid = {22686052-5F66-4F2E-98F6-10C23D0B44F9}
	EndGlobalSection
EndGlobal
