
Microsoft Visual Studio Solution File, Format Version 12.00
# Visual Studio Version 16
VisualStudioVersion = 16.0.30413.136
MinimumVisualStudioVersion = 10.0.40219.1
Project("{9A19103F-16F7-4668-BE54-9A1E7A4F7556}") = "PencilKataLib", "PencilKataLib\PencilKataLib.csproj", "{90023378-A9A1-4180-91E3-88DF7D364A26}"
EndProject
Project("{9A19103F-16F7-4668-BE54-9A1E7A4F7556}") = "PencilKataTests", "PencilKataTests\PencilKataTests.csproj", "{872BD1D8-47B4-459E-B9FD-0BE28CFED568}"
EndProject
Global
	GlobalSection(SolutionConfigurationPlatforms) = preSolution
		Debug|Any CPU = Debug|Any CPU
		Release|Any CPU = Release|Any CPU
	EndGlobalSection
	GlobalSection(ProjectConfigurationPlatforms) = postSolution
		{90023378-A9A1-4180-91E3-88DF7D364A26}.Debug|Any CPU.ActiveCfg = Debug|Any CPU
		{90023378-A9A1-4180-91E3-88DF7D364A26}.Debug|Any CPU.Build.0 = Debug|Any CPU
		{90023378-A9A1-4180-91E3-88DF7D364A26}.Release|Any CPU.ActiveCfg = Release|Any CPU
		{90023378-A9A1-4180-91E3-88DF7D364A26}.Release|Any CPU.Build.0 = Release|Any CPU
		{872BD1D8-47B4-459E-B9FD-0BE28CFED568}.Debug|Any CPU.ActiveCfg = Debug|Any CPU
		{872BD1D8-47B4-459E-B9FD-0BE28CFED568}.Debug|Any CPU.Build.0 = Debug|Any CPU
		{872BD1D8-47B4-459E-B9FD-0BE28CFED568}.Release|Any CPU.ActiveCfg = Release|Any CPU
		{872BD1D8-47B4-459E-B9FD-0BE28CFED568}.Release|Any CPU.Build.0 = Release|Any CPU
	EndGlobalSection
	GlobalSection(SolutionProperties) = preSolution
		HideSolutionNode = FALSE
	EndGlobalSection
	GlobalSection(ExtensibilityGlobals) = postSolution
		SolutionGuid = {22686052-5F66-4F2E-98F6-10C23D0B44F9}
	EndGlobalSection
EndGlobal
